Microsoft Visual Studio Solution File, Format Version 9.00
# Visual Studio 2005
Project("{FAE04EC0-301F-11D3-BF4B-00C04F79EFBC}") = "Condensed.Entities", "Condensed.Entities\Condensed.Entities.csproj", "{07343181-962E-445D-8E13-EC107D862475}"
EndProject
Global
	GlobalSection(SolutionConfigurationPlatforms) = preSolution
		Debug|Any CPU = Debug|Any CPU
		Debug|Mixed Platforms = Debug|Mixed Platforms
		Release|Any CPU = Release|Any CPU
		Release|Mixed Platforms = Release|Mixed Platforms
	EndGlobalSection
	GlobalSection(ProjectConfigurationPlatforms) = postSolution
		{07343181-962E-445D-8E13-EC107D862475}.Debug|Any CPU.ActiveCfg = Debug|Any CPU
		{07343181-962E-445D-8E13-EC107D862475}.Debug|Any CPU.Build.0 = Debug|Any CPU
		{07343181-962E-445D-8E13-EC107D862475}.Debug|Mixed Platforms.ActiveCfg = Debug|Any CPU
		{07343181-962E-445D-8E13-EC107D862475}.Debug|Mixed Platforms.Build.0 = Debug|Any CPU
		{07343181-962E-445D-8E13-EC107D862475}.Release|Any CPU.ActiveCfg = Release|Any CPU
		{07343181-962E-445D-8E13-EC107D862475}.Release|Any CPU.Build.0 = Release|Any CPU
		{07343181-962E-445D-8E13-EC107D862475}.Release|Mixed Platforms.ActiveCfg = Release|Any CPU
		{07343181-962E-445D-8E13-EC107D862475}.Release|Mixed Platforms.Build.0 = Release|Any CPU
	EndGlobalSection
	GlobalSection(SolutionProperties) = preSolution
		HideSolutionNode = FALSE
	EndGlobalSection
EndGlobal
