
Microsoft Visual Studio Solution File, Format Version 9.00
# Visual Studio 2005
Project("{FAE04EC0-301F-11D3-BF4B-00C04F79EFBC}") = "TestSample", "TestSample\TestSample.csproj", "{7DAB2FAD-F582-4D21-B3E0-B831C5F544CF}"
EndProject
Project("{FAE04EC0-301F-11D3-BF4B-00C04F79EFBC}") = "AutomationTestSample", "AutomationTestSample\AutomationTestSample.csproj", "{30BC16E5-AA07-4FA1-85A2-7DDE22D063DF}"
EndProject
Project("{FAE04EC0-301F-11D3-BF4B-00C04F79EFBC}") = "RelationalTests", "RelationalTests\RelationalTests.csproj", "{EC995B51-2ED4-4170-BF04-7248D0C6F206}"
EndProject
Global
	GlobalSection(TextTemplating) = postSolution
		TextTemplating = 1
	EndGlobalSection
	GlobalSection(SolutionConfigurationPlatforms) = preSolution
		Debug|Any CPU = Debug|Any CPU
		Release|Any CPU = Release|Any CPU
	EndGlobalSection
	GlobalSection(ProjectConfigurationPlatforms) = postSolution
		{7DAB2FAD-F582-4D21-B3E0-B831C5F544CF}.Debug|Any CPU.ActiveCfg = Debug|Any CPU
		{7DAB2FAD-F582-4D21-B3E0-B831C5F544CF}.Debug|Any CPU.Build.0 = Debug|Any CPU
		{7DAB2FAD-F582-4D21-B3E0-B831C5F544CF}.Release|Any CPU.ActiveCfg = Release|Any CPU
		{7DAB2FAD-F582-4D21-B3E0-B831C5F544CF}.Release|Any CPU.Build.0 = Release|Any CPU
		{30BC16E5-AA07-4FA1-85A2-7DDE22D063DF}.Debug|Any CPU.ActiveCfg = Debug|Any CPU
		{30BC16E5-AA07-4FA1-85A2-7DDE22D063DF}.Debug|Any CPU.Build.0 = Debug|Any CPU
		{30BC16E5-AA07-4FA1-85A2-7DDE22D063DF}.Release|Any CPU.ActiveCfg = Release|Any CPU
		{30BC16E5-AA07-4FA1-85A2-7DDE22D063DF}.Release|Any CPU.Build.0 = Release|Any CPU
		{EC995B51-2ED4-4170-BF04-7248D0C6F206}.Debug|Any CPU.ActiveCfg = Debug|Any CPU
		{EC995B51-2ED4-4170-BF04-7248D0C6F206}.Debug|Any CPU.Build.0 = Debug|Any CPU
		{EC995B51-2ED4-4170-BF04-7248D0C6F206}.Release|Any CPU.ActiveCfg = Release|Any CPU
		{EC995B51-2ED4-4170-BF04-7248D0C6F206}.Release|Any CPU.Build.0 = Release|Any CPU
	EndGlobalSection
	GlobalSection(SolutionProperties) = preSolution
		HideSolutionNode = FALSE
	EndGlobalSection
EndGlobal
