
Microsoft Visual Studio Solution File, Format Version 9.00
# Visual Studio 2005
Project("{FAE04EC0-301F-11D3-BF4B-00C04F79EFBC}") = "TestDriverEngine", "ORM2CommandLineTest\TestDriverEngine.csproj", "{5DB17441-D264-4B37-88D5-98C3B1CF7D71}"
EndProject
Project("{FAE04EC0-301F-11D3-BF4B-00C04F79EFBC}") = "TestDriverApp", "ORM2CommandLineTest\TestDriverApp.csproj", "{469D6D17-F8DA-48A4-8F76-671A4B8031A5}"
EndProject
Project("{FAE04EC0-301F-11D3-BF4B-00C04F79EFBC}") = "TestSample", "TestSuites\TestSample\TestSample.csproj", "{7DAB2FAD-F582-4D21-B3E0-B831C5F544CF}"
EndProject
Global
	GlobalSection(TextTemplating) = postSolution
		TextTemplating = 1
	EndGlobalSection
	GlobalSection(SolutionConfigurationPlatforms) = preSolution
		Debug|Any CPU = Debug|Any CPU
		Release|Any CPU = Release|Any CPU
	EndGlobalSection
	GlobalSection(ProjectConfigurationPlatforms) = postSolution
		{5DB17441-D264-4B37-88D5-98C3B1CF7D71}.Debug|Any CPU.ActiveCfg = Debug|Any CPU
		{5DB17441-D264-4B37-88D5-98C3B1CF7D71}.Debug|Any CPU.Build.0 = Debug|Any CPU
		{5DB17441-D264-4B37-88D5-98C3B1CF7D71}.Release|Any CPU.ActiveCfg = Release|Any CPU
		{5DB17441-D264-4B37-88D5-98C3B1CF7D71}.Release|Any CPU.Build.0 = Release|Any CPU
		{469D6D17-F8DA-48A4-8F76-671A4B8031A5}.Debug|Any CPU.ActiveCfg = Debug|Any CPU
		{469D6D17-F8DA-48A4-8F76-671A4B8031A5}.Debug|Any CPU.Build.0 = Debug|Any CPU
		{469D6D17-F8DA-48A4-8F76-671A4B8031A5}.Release|Any CPU.ActiveCfg = Release|Any CPU
		{469D6D17-F8DA-48A4-8F76-671A4B8031A5}.Release|Any CPU.Build.0 = Release|Any CPU
		{7DAB2FAD-F582-4D21-B3E0-B831C5F544CF}.Debug|Any CPU.ActiveCfg = Debug|Any CPU
		{7DAB2FAD-F582-4D21-B3E0-B831C5F544CF}.Debug|Any CPU.Build.0 = Debug|Any CPU
		{7DAB2FAD-F582-4D21-B3E0-B831C5F544CF}.Release|Any CPU.ActiveCfg = Release|Any CPU
		{7DAB2FAD-F582-4D21-B3E0-B831C5F544CF}.Release|Any CPU.Build.0 = Release|Any CPU
	EndGlobalSection
	GlobalSection(SolutionProperties) = preSolution
		HideSolutionNode = FALSE
	EndGlobalSection
EndGlobal
