
Microsoft Visual Studio Solution File, Format Version 12.00
# Visual Studio Version 16
VisualStudioVersion = 16.0.28803.202
MinimumVisualStudioVersion = 10.0.40219.1
Project("{FAE04EC0-301F-11D3-BF4B-00C04F79EFBC}") = "NORMAVSIX", "NORMAVSIX.csproj", "{F5D6984F-21E0-4238-B183-3EEF70CF589C}"
EndProject
Global
	GlobalSection(SolutionConfigurationPlatforms) = preSolution
		Debug|Any CPU = Debug|Any CPU
		Release|Any CPU = Release|Any CPU
	EndGlobalSection
	GlobalSection(ProjectConfigurationPlatforms) = postSolution
		{F5D6984F-21E0-4238-B183-3EEF70CF589C}.Debug|Any CPU.ActiveCfg = Debug|Any CPU
		{F5D6984F-21E0-4238-B183-3EEF70CF589C}.Debug|Any CPU.Build.0 = Debug|Any CPU
		{F5D6984F-21E0-4238-B183-3EEF70CF589C}.Release|Any CPU.ActiveCfg = Release|Any CPU
		{F5D6984F-21E0-4238-B183-3EEF70CF589C}.Release|Any CPU.Build.0 = Release|Any CPU
	EndGlobalSection
	GlobalSection(SolutionProperties) = preSolution
		HideSolutionNode = FALSE
	EndGlobalSection
	GlobalSection(ExtensibilityGlobals) = postSolution
		SolutionGuid = {225FD51F-035D-497A-89A8-F7CD7071B99B}
	EndGlobalSection
EndGlobal
