
Microsoft Visual Studio Solution File, Format Version 9.00
# Visual Studio 2005
Project("{FAE04EC0-301F-11D3-BF4B-00C04F79EFBC}") = "OIALtoXSD", "OIALtoXSD.csproj", "{FAAB6855-B7DE-4A4B-B36C-98928D4F5DF2}"
EndProject
Global
	GlobalSection(SolutionConfigurationPlatforms) = preSolution
		Debug|Any CPU = Debug|Any CPU
		Release|Any CPU = Release|Any CPU
	EndGlobalSection
	GlobalSection(ProjectConfigurationPlatforms) = postSolution
		{FAAB6855-B7DE-4A4B-B36C-98928D4F5DF2}.Debug|Any CPU.ActiveCfg = Debug|Any CPU
		{FAAB6855-B7DE-4A4B-B36C-98928D4F5DF2}.Debug|Any CPU.Build.0 = Debug|Any CPU
		{FAAB6855-B7DE-4A4B-B36C-98928D4F5DF2}.Release|Any CPU.ActiveCfg = Release|Any CPU
		{FAAB6855-B7DE-4A4B-B36C-98928D4F5DF2}.Release|Any CPU.Build.0 = Release|Any CPU
	EndGlobalSection
	GlobalSection(SolutionProperties) = preSolution
		HideSolutionNode = FALSE
	EndGlobalSection
EndGlobal
